
Microsoft Visual Studio Solution File, Format Version 12.00
# Visual Studio Version 16
VisualStudioVersion = 16.0.31112.23
MinimumVisualStudioVersion = 10.0.40219.1
Project("{FAE04EC0-301F-11D3-BF4B-00C04F79EFBC}") = "BookStore", "BookStore\BookStore.csproj", "{55D9DEEA-3589-4142-A0EA-0346AFA7BDB5}"
EndProject
Global
	GlobalSection(SolutionConfigurationPlatforms) = preSolution
		Debug|Any CPU = Debug|Any CPU
		Release|Any CPU = Release|Any CPU
	EndGlobalSection
	GlobalSection(ProjectConfigurationPlatforms) = postSolution
		{55D9DEEA-3589-4142-A0EA-0346AFA7BDB5}.Debug|Any CPU.ActiveCfg = Debug|Any CPU
		{55D9DEEA-3589-4142-A0EA-0346AFA7BDB5}.Debug|Any CPU.Build.0 = Debug|Any CPU
		{55D9DEEA-3589-4142-A0EA-0346AFA7BDB5}.Release|Any CPU.ActiveCfg = Release|Any CPU
		{55D9DEEA-3589-4142-A0EA-0346AFA7BDB5}.Release|Any CPU.Build.0 = Release|Any CPU
	EndGlobalSection
	GlobalSection(SolutionProperties) = preSolution
		HideSolutionNode = FALSE
	EndGlobalSection
	GlobalSection(ExtensibilityGlobals) = postSolution
		SolutionGuid = {B673CC81-B03B-49C0-BAE8-47F822D395EF}
	EndGlobalSection
EndGlobal
